<?xml version="1.0" encoding="utf-8"?>
<Project ToolsVersion="4.0" xmlns="http://schemas.microsoft.com/developer/msbuild/2003">
  <ItemGroup>
    <Filter Include="Source Files">
      <UniqueIdentifier>{4FC737F1-C7A5-4376-A066-2A32D752A2FF}</UniqueIdentifier>
      <Extensions>cpp;c;cc;cxx;def;odl;idl;hpj;bat;asm;asmx</Extensions>
    </Filter>
    <Filter Include="Header Files">
      <UniqueIdentifier>{93995380-89BD-4b04-88EB-625FBE52EBFB}</UniqueIdentifier>
      <Extensions>h;hh;hpp;hxx;hm;inl;inc;xsd</Extensions>
    </Filter>
    <Filter Include="Resource Files">
      <UniqueIdentifier>{67DA6AB6-F800-4c08-8B7A-83BB121AAD01}</UniqueIdentifier>
      <Extensions>rc;ico;cur;bmp;dlg;rc2;rct;bin;rgs;gif;jpg;jpeg;jpe;resx;tiff;tif;png;wav</Extensions>
    </Filter>
    <Filter Include="Header Files\data_structures">
      <UniqueIdentifier>{c129339c-be8b-4082-8dcb-43d8821b5543}</UniqueIdentifier>
    </Filter>
    <Filter Include="Header Files\storage">
      <UniqueIdentifier>{fcf233cc-c16a-46ad-8eb4-9dfbc813df9c}</UniqueIdentifier>
    </Filter>
    <Filter Include="Header Files\lib">
      <UniqueIdentifier>{8cc3f7d6-4423-4261-a99e-a092419b2431}</UniqueIdentifier>
    </Filter>
    <Filter Include="Header Files\lib\aluno">
      <UniqueIdentifier>{ac0fecad-888e-4e28-9b57-29db90052775}</UniqueIdentifier>
    </Filter>
    <Filter Include="Header Files\lib\mapping">
      <UniqueIdentifier>{a49547b3-1ae6-4282-a88c-24f6a2f30fa0}</UniqueIdentifier>
    </Filter>
    <Filter Include="Header Files\data_structures\aluno">
      <UniqueIdentifier>{8f4985a0-c0e9-4d91-b1b8-97bdca9e04d1}</UniqueIdentifier>
    </Filter>
    <Filter Include="Header Files\data_structures\data">
      <UniqueIdentifier>{08c089bb-0774-499e-857e-7d17fa2f7c43}</UniqueIdentifier>
    </Filter>
    <Filter Include="Header Files\data_structures\morada">
      <UniqueIdentifier>{9f34b97e-91f5-447d-87c3-b8d45348f7e6}</UniqueIdentifier>
    </Filter>
    <Filter Include="Header Files\data_structures\curso">
      <UniqueIdentifier>{a6a18ddf-3e4c-4eb7-9ea3-5a3440db7050}</UniqueIdentifier>
    </Filter>
  </ItemGroup>
  <ItemGroup>
    <ClCompile Include="source\main.c">
      <Filter>Source Files</Filter>
    </ClCompile>
    <ClCompile Include="source\data_structures\aluno\aluno.c">
      <Filter>Header Files\data_structures\aluno</Filter>
    </ClCompile>
    <ClCompile Include="source\data_structures\data\data.c">
      <Filter>Header Files\data_structures\data</Filter>
    </ClCompile>
    <ClCompile Include="source\data_structures\morada\morada.c">
      <Filter>Header Files\data_structures\morada</Filter>
    </ClCompile>
    <ClCompile Include="source\data_structures\curso\curso.c">
      <Filter>Header Files\data_structures\curso</Filter>
    </ClCompile>
    <ClCompile Include="source\storage\storage.c">
      <Filter>Header Files\storage</Filter>
    </ClCompile>
  </ItemGroup>
  <ItemGroup>
    <ClInclude Include="source\data_structures\types.h">
      <Filter>Header Files\data_structures</Filter>
    </ClInclude>
    <ClInclude Include="source\storage\storage.h">
      <Filter>Header Files\storage</Filter>
    </ClInclude>
    <ClInclude Include="source\storage\datahandler.h">
      <Filter>Header Files\storage</Filter>
    </ClInclude>
    <ClInclude Include="source\storage\filehandle.h">
      <Filter>Header Files\storage</Filter>
    </ClInclude>
    <ClInclude Include="source\lib\aluno\aluno.lib.c">
      <Filter>Header Files\lib\aluno</Filter>
    </ClInclude>
    <ClInclude Include="source\lib\mapping\aluno_mapping.h">
      <Filter>Header Files\lib\mapping</Filter>
    </ClInclude>
    <ClInclude Include="source\data_structures\aluno\aluno.h">
      <Filter>Header Files\data_structures\aluno</Filter>
    </ClInclude>
    <ClInclude Include="source\data_structures\data\data.h">
      <Filter>Header Files\data_structures\data</Filter>
    </ClInclude>
    <ClInclude Include="source\data_structures\morada\morada.h">
      <Filter>Header Files\data_structures\morada</Filter>
    </ClInclude>
    <ClInclude Include="source\data_structures\curso\curso.h">
      <Filter>Header Files\data_structures\curso</Filter>
    </ClInclude>
    <ClInclude Include="aluno.lib.h">
      <Filter>Header Files\lib\aluno</Filter>
    </ClInclude>
    <ClInclude Include="source\storage\datahandler.h">
      <Filter>Header Files\storage</Filter>
    </ClInclude>
    <ClInclude Include="source\storage\storage.h">
      <Filter>Header Files\storage</Filter>
    </ClInclude>
  </ItemGroup>
</Project>